// !$*UTF8*$!
{
	archiveVersion = 1;
	classes = {
	};
	objectVersion = 46;
	objects = {

/* Begin PBXBuildFile section */
		7C15A9154E6AAB8FF5285CDC /* Pods_Lakers_Fanhub.framework in Frameworks */ = {isa = PBXBuildFile; fileRef = 0112825CDFDF6E893622A791 /* Pods_Lakers_Fanhub.framework */; };
		BE35A1781CD2DCFB00A730F4 /* ClosestFansBrowserViewController.swift in Sources */ = {isa = PBXBuildFile; fileRef = BE35A1771CD2DCFB00A730F4 /* ClosestFansBrowserViewController.swift */; };
		BE573E771CBD91FC0031E00C /* DailyMatchViewController.swift in Sources */ = {isa = PBXBuildFile; fileRef = BE573E761CBD91FC0031E00C /* DailyMatchViewController.swift */; };
		BE5E327C1CB3888900D8E311 /* AppDelegate.swift in Sources */ = {isa = PBXBuildFile; fileRef = BE5E327B1CB3888900D8E311 /* AppDelegate.swift */; };
		BE5E327E1CB3888900D8E311 /* ConvenientView.swift in Sources */ = {isa = PBXBuildFile; fileRef = BE5E327D1CB3888900D8E311 /* ConvenientView.swift */; };
		BE5E32811CB3888900D8E311 /* Main.storyboard in Resources */ = {isa = PBXBuildFile; fileRef = BE5E327F1CB3888900D8E311 /* Main.storyboard */; };
		BE5E32831CB3888900D8E311 /* Assets.xcassets in Resources */ = {isa = PBXBuildFile; fileRef = BE5E32821CB3888900D8E311 /* Assets.xcassets */; };
		BE5E32861CB3888900D8E311 /* LaunchScreen.storyboard in Resources */ = {isa = PBXBuildFile; fileRef = BE5E32841CB3888900D8E311 /* LaunchScreen.storyboard */; };
		BE5E32911CB3888900D8E311 /* Lakers_FanhubTests.swift in Sources */ = {isa = PBXBuildFile; fileRef = BE5E32901CB3888900D8E311 /* Lakers_FanhubTests.swift */; };
		BE5E329C1CB3888900D8E311 /* Lakers_FanhubUITests.swift in Sources */ = {isa = PBXBuildFile; fileRef = BE5E329B1CB3888900D8E311 /* Lakers_FanhubUITests.swift */; };
		BE8E6BDD1CC04D9C00B2B397 /* ClosestFansViewController.swift in Sources */ = {isa = PBXBuildFile; fileRef = BE8E6BDC1CC04D9C00B2B397 /* ClosestFansViewController.swift */; };
		BE8E6BDF1CC055FC00B2B397 /* MCManager.swift in Sources */ = {isa = PBXBuildFile; fileRef = BE8E6BDE1CC055FC00B2B397 /* MCManager.swift */; };
		BEB5BEC81CB56824001AD651 /* XMLParser.swift in Sources */ = {isa = PBXBuildFile; fileRef = BEB5BEC71CB56824001AD651 /* XMLParser.swift */; };
		BEB5BECA1CB6EF8D001AD651 /* NewsTableViewCell.swift in Sources */ = {isa = PBXBuildFile; fileRef = BEB5BEC91CB6EF8D001AD651 /* NewsTableViewCell.swift */; };
		BEB5BECE1CB74C56001AD651 /* NewsDetailViewController.swift in Sources */ = {isa = PBXBuildFile; fileRef = BEB5BECD1CB74C56001AD651 /* NewsDetailViewController.swift */; };
		BEB5BED01CB87659001AD651 /* ConvenientData.swift in Sources */ = {isa = PBXBuildFile; fileRef = BEB5BECF1CB87659001AD651 /* ConvenientData.swift */; };
		BED3E67A1CD95759004C24B8 /* ChatViewController.swift in Sources */ = {isa = PBXBuildFile; fileRef = BED3E6791CD95759004C24B8 /* ChatViewController.swift */; };
		BED7AFE91CDD533D00666E29 /* KeyboardConfig.swift in Sources */ = {isa = PBXBuildFile; fileRef = BED7AFE81CDD533D00666E29 /* KeyboardConfig.swift */; };
		BEE7886A1CB4854400A98F1D /* NewsTableViewController.swift in Sources */ = {isa = PBXBuildFile; fileRef = BEE788691CB4854400A98F1D /* NewsTableViewController.swift */; };
/* End PBXBuildFile section */

/* Begin PBXContainerItemProxy section */
		BE5E328D1CB3888900D8E311 /* PBXContainerItemProxy */ = {
			isa = PBXContainerItemProxy;
			containerPortal = BE5E32701CB3888900D8E311 /* Project object */;
			proxyType = 1;
			remoteGlobalIDString = BE5E32771CB3888900D8E311;
			remoteInfo = "Lakers Fanhub";
		};
		BE5E32981CB3888900D8E311 /* PBXContainerItemProxy */ = {
			isa = PBXContainerItemProxy;
			containerPortal = BE5E32701CB3888900D8E311 /* Project object */;
			proxyType = 1;
			remoteGlobalIDString = BE5E32771CB3888900D8E311;
			remoteInfo = "Lakers Fanhub";
		};
/* End PBXContainerItemProxy section */

/* Begin PBXFileReference section */
		0112825CDFDF6E893622A791 /* Pods_Lakers_Fanhub.framework */ = {isa = PBXFileReference; explicitFileType = wrapper.framework; includeInIndex = 0; path = Pods_Lakers_Fanhub.framework; sourceTree = BUILT_PRODUCTS_DIR; };
		85DE48EB596B6F942B84DCF0 /* Pods-Lakers Fanhub.debug.xcconfig */ = {isa = PBXFileReference; includeInIndex = 1; lastKnownFileType = text.xcconfig; name = "Pods-Lakers Fanhub.debug.xcconfig"; path = "Pods/Target Support Files/Pods-Lakers Fanhub/Pods-Lakers Fanhub.debug.xcconfig"; sourceTree = "<group>"; };
		8EC0489A10AFA342DA03A69C /* Pods-Lakers Fanhub.release.xcconfig */ = {isa = PBXFileReference; includeInIndex = 1; lastKnownFileType = text.xcconfig; name = "Pods-Lakers Fanhub.release.xcconfig"; path = "Pods/Target Support Files/Pods-Lakers Fanhub/Pods-Lakers Fanhub.release.xcconfig"; sourceTree = "<group>"; };
		BE35A1771CD2DCFB00A730F4 /* ClosestFansBrowserViewController.swift */ = {isa = PBXFileReference; fileEncoding = 4; lastKnownFileType = sourcecode.swift; path = ClosestFansBrowserViewController.swift; sourceTree = "<group>"; };
		BE573E761CBD91FC0031E00C /* DailyMatchViewController.swift */ = {isa = PBXFileReference; fileEncoding = 4; lastKnownFileType = sourcecode.swift; path = DailyMatchViewController.swift; sourceTree = "<group>"; };
		BE5E32781CB3888900D8E311 /* Lakers Fanhub.app */ = {isa = PBXFileReference; explicitFileType = wrapper.application; includeInIndex = 0; path = "Lakers Fanhub.app"; sourceTree = BUILT_PRODUCTS_DIR; };
		BE5E327B1CB3888900D8E311 /* AppDelegate.swift */ = {isa = PBXFileReference; lastKnownFileType = sourcecode.swift; path = AppDelegate.swift; sourceTree = "<group>"; };
		BE5E327D1CB3888900D8E311 /* ConvenientView.swift */ = {isa = PBXFileReference; lastKnownFileType = sourcecode.swift; path = ConvenientView.swift; sourceTree = "<group>"; };
		BE5E32801CB3888900D8E311 /* Base */ = {isa = PBXFileReference; lastKnownFileType = file.storyboard; name = Base; path = Base.lproj/Main.storyboard; sourceTree = "<group>"; };
		BE5E32821CB3888900D8E311 /* Assets.xcassets */ = {isa = PBXFileReference; lastKnownFileType = folder.assetcatalog; path = Assets.xcassets; sourceTree = "<group>"; };
		BE5E32851CB3888900D8E311 /* Base */ = {isa = PBXFileReference; lastKnownFileType = file.storyboard; name = Base; path = Base.lproj/LaunchScreen.storyboard; sourceTree = "<group>"; };
		BE5E32871CB3888900D8E311 /* Info.plist */ = {isa = PBXFileReference; lastKnownFileType = text.plist.xml; path = Info.plist; sourceTree = "<group>"; };
		BE5E328C1CB3888900D8E311 /* Lakers FanhubTests.xctest */ = {isa = PBXFileReference; explicitFileType = wrapper.cfbundle; includeInIndex = 0; path = "Lakers FanhubTests.xctest"; sourceTree = BUILT_PRODUCTS_DIR; };
		BE5E32901CB3888900D8E311 /* Lakers_FanhubTests.swift */ = {isa = PBXFileReference; lastKnownFileType = sourcecode.swift; path = Lakers_FanhubTests.swift; sourceTree = "<group>"; };
		BE5E32921CB3888900D8E311 /* Info.plist */ = {isa = PBXFileReference; lastKnownFileType = text.plist.xml; path = Info.plist; sourceTree = "<group>"; };
		BE5E32971CB3888900D8E311 /* Lakers FanhubUITests.xctest */ = {isa = PBXFileReference; explicitFileType = wrapper.cfbundle; includeInIndex = 0; path = "Lakers FanhubUITests.xctest"; sourceTree = BUILT_PRODUCTS_DIR; };
		BE5E329B1CB3888900D8E311 /* Lakers_FanhubUITests.swift */ = {isa = PBXFileReference; lastKnownFileType = sourcecode.swift; path = Lakers_FanhubUITests.swift; sourceTree = "<group>"; };
		BE5E329D1CB3888900D8E311 /* Info.plist */ = {isa = PBXFileReference; lastKnownFileType = text.plist.xml; path = Info.plist; sourceTree = "<group>"; };
		BE8E6BDC1CC04D9C00B2B397 /* ClosestFansViewController.swift */ = {isa = PBXFileReference; fileEncoding = 4; lastKnownFileType = sourcecode.swift; path = ClosestFansViewController.swift; sourceTree = "<group>"; };
		BE8E6BDE1CC055FC00B2B397 /* MCManager.swift */ = {isa = PBXFileReference; fileEncoding = 4; lastKnownFileType = sourcecode.swift; path = MCManager.swift; sourceTree = "<group>"; };
		BEB5BEC71CB56824001AD651 /* XMLParser.swift */ = {isa = PBXFileReference; fileEncoding = 4; lastKnownFileType = sourcecode.swift; path = XMLParser.swift; sourceTree = "<group>"; };
		BEB5BEC91CB6EF8D001AD651 /* NewsTableViewCell.swift */ = {isa = PBXFileReference; fileEncoding = 4; lastKnownFileType = sourcecode.swift; path = NewsTableViewCell.swift; sourceTree = "<group>"; };
		BEB5BECD1CB74C56001AD651 /* NewsDetailViewController.swift */ = {isa = PBXFileReference; fileEncoding = 4; lastKnownFileType = sourcecode.swift; path = NewsDetailViewController.swift; sourceTree = "<group>"; };
		BEB5BECF1CB87659001AD651 /* ConvenientData.swift */ = {isa = PBXFileReference; fileEncoding = 4; lastKnownFileType = sourcecode.swift; path = ConvenientData.swift; sourceTree = "<group>"; };
		BED3E6791CD95759004C24B8 /* ChatViewController.swift */ = {isa = PBXFileReference; fileEncoding = 4; lastKnownFileType = sourcecode.swift; path = ChatViewController.swift; sourceTree = "<group>"; };
		BED7AFE81CDD533D00666E29 /* KeyboardConfig.swift */ = {isa = PBXFileReference; fileEncoding = 4; lastKnownFileType = sourcecode.swift; path = KeyboardConfig.swift; sourceTree = "<group>"; };
		BEE788691CB4854400A98F1D /* NewsTableViewController.swift */ = {isa = PBXFileReference; fileEncoding = 4; lastKnownFileType = sourcecode.swift; path = NewsTableViewController.swift; sourceTree = "<group>"; };
/* End PBXFileReference section */

/* Begin PBXFrameworksBuildPhase section */
		BE5E32751CB3888900D8E311 /* Frameworks */ = {
			isa = PBXFrameworksBuildPhase;
			buildActionMask = 2147483647;
			files = (
				7C15A9154E6AAB8FF5285CDC /* Pods_Lakers_Fanhub.framework in Frameworks */,
			);
			runOnlyForDeploymentPostprocessing = 0;
		};
		BE5E32891CB3888900D8E311 /* Frameworks */ = {
			isa = PBXFrameworksBuildPhase;
			buildActionMask = 2147483647;
			files = (
			);
			runOnlyForDeploymentPostprocessing = 0;
		};
		BE5E32941CB3888900D8E311 /* Frameworks */ = {
			isa = PBXFrameworksBuildPhase;
			buildActionMask = 2147483647;
			files = (
			);
			runOnlyForDeploymentPostprocessing = 0;
		};
/* End PBXFrameworksBuildPhase section */

/* Begin PBXGroup section */
		7D6D8E6B27C6BAAB2B42D4D5 /* Frameworks */ = {
			isa = PBXGroup;
			children = (
				0112825CDFDF6E893622A791 /* Pods_Lakers_Fanhub.framework */,
			);
			name = Frameworks;
			sourceTree = "<group>";
		};
		92208B83CC1BBCFC524B63E8 /* Pods */ = {
			isa = PBXGroup;
			children = (
				85DE48EB596B6F942B84DCF0 /* Pods-Lakers Fanhub.debug.xcconfig */,
				8EC0489A10AFA342DA03A69C /* Pods-Lakers Fanhub.release.xcconfig */,
			);
			name = Pods;
			sourceTree = "<group>";
		};
		BE5E326F1CB3888900D8E311 = {
			isa = PBXGroup;
			children = (
				BE5E327A1CB3888900D8E311 /* Lakers Fanhub */,
				BE5E328F1CB3888900D8E311 /* Lakers FanhubTests */,
				BE5E329A1CB3888900D8E311 /* Lakers FanhubUITests */,
				BE5E32791CB3888900D8E311 /* Products */,
				92208B83CC1BBCFC524B63E8 /* Pods */,
				7D6D8E6B27C6BAAB2B42D4D5 /* Frameworks */,
			);
			sourceTree = "<group>";
		};
		BE5E32791CB3888900D8E311 /* Products */ = {
			isa = PBXGroup;
			children = (
				BE5E32781CB3888900D8E311 /* Lakers Fanhub.app */,
				BE5E328C1CB3888900D8E311 /* Lakers FanhubTests.xctest */,
				BE5E32971CB3888900D8E311 /* Lakers FanhubUITests.xctest */,
			);
			name = Products;
			sourceTree = "<group>";
		};
		BE5E327A1CB3888900D8E311 /* Lakers Fanhub */ = {
			isa = PBXGroup;
			children = (
				BE5E327B1CB3888900D8E311 /* AppDelegate.swift */,
				BEE788691CB4854400A98F1D /* NewsTableViewController.swift */,
				BEB5BECD1CB74C56001AD651 /* NewsDetailViewController.swift */,
				BE573E761CBD91FC0031E00C /* DailyMatchViewController.swift */,
				BE8E6BDC1CC04D9C00B2B397 /* ClosestFansViewController.swift */,
				BE35A1771CD2DCFB00A730F4 /* ClosestFansBrowserViewController.swift */,
				BED3E6791CD95759004C24B8 /* ChatViewController.swift */,
				BEB5BEC91CB6EF8D001AD651 /* NewsTableViewCell.swift */,
				BE5E327D1CB3888900D8E311 /* ConvenientView.swift */,
				BEB5BECF1CB87659001AD651 /* ConvenientData.swift */,
				BE5E327F1CB3888900D8E311 /* Main.storyboard */,
				BE5E32821CB3888900D8E311 /* Assets.xcassets */,
				BE5E32841CB3888900D8E311 /* LaunchScreen.storyboard */,
				BE5E32871CB3888900D8E311 /* Info.plist */,
				BEB5BEC71CB56824001AD651 /* XMLParser.swift */,
				BE8E6BDE1CC055FC00B2B397 /* MCManager.swift */,
				BED7AFE81CDD533D00666E29 /* KeyboardConfig.swift */,
			);
			path = "Lakers Fanhub";
			sourceTree = "<group>";
		};
		BE5E328F1CB3888900D8E311 /* Lakers FanhubTests */ = {
			isa = PBXGroup;
			children = (
				BE5E32901CB3888900D8E311 /* Lakers_FanhubTests.swift */,
				BE5E32921CB3888900D8E311 /* Info.plist */,
			);
			path = "Lakers FanhubTests";
			sourceTree = "<group>";
		};
		BE5E329A1CB3888900D8E311 /* Lakers FanhubUITests */ = {
			isa = PBXGroup;
			children = (
				BE5E329B1CB3888900D8E311 /* Lakers_FanhubUITests.swift */,
				BE5E329D1CB3888900D8E311 /* Info.plist */,
			);
			path = "Lakers FanhubUITests";
			sourceTree = "<group>";
		};
/* End PBXGroup section */

/* Begin PBXNativeTarget section */
		BE5E32771CB3888900D8E311 /* Lakers Fanhub */ = {
			isa = PBXNativeTarget;
			buildConfigurationList = BE5E32A01CB3888900D8E311 /* Build configuration list for PBXNativeTarget "Lakers Fanhub" */;
			buildPhases = (
				79189090CB10B6BC5D30EE3A /* Check Pods Manifest.lock */,
				BE5E32741CB3888900D8E311 /* Sources */,
				BE5E32751CB3888900D8E311 /* Frameworks */,
				BE5E32761CB3888900D8E311 /* Resources */,
				0D5BE74D97900AEA224E5722 /* Embed Pods Frameworks */,
				8BEEA9B3967C7EA5DA48C88D /* Copy Pods Resources */,
			);
			buildRules = (
			);
			dependencies = (
			);
			name = "Lakers Fanhub";
			productName = "Lakers Fanhub";
			productReference = BE5E32781CB3888900D8E311 /* Lakers Fanhub.app */;
			productType = "com.apple.product-type.application";
		};
		BE5E328B1CB3888900D8E311 /* Lakers FanhubTests */ = {
			isa = PBXNativeTarget;
			buildConfigurationList = BE5E32A31CB3888900D8E311 /* Build configuration list for PBXNativeTarget "Lakers FanhubTests" */;
			buildPhases = (
				BE5E32881CB3888900D8E311 /* Sources */,
				BE5E32891CB3888900D8E311 /* Frameworks */,
				BE5E328A1CB3888900D8E311 /* Resources */,
			);
			buildRules = (
			);
			dependencies = (
				BE5E328E1CB3888900D8E311 /* PBXTargetDependency */,
			);
			name = "Lakers FanhubTests";
			productName = "Lakers FanhubTests";
			productReference = BE5E328C1CB3888900D8E311 /* Lakers FanhubTests.xctest */;
			productType = "com.apple.product-type.bundle.unit-test";
		};
		BE5E32961CB3888900D8E311 /* Lakers FanhubUITests */ = {
			isa = PBXNativeTarget;
			buildConfigurationList = BE5E32A61CB3888900D8E311 /* Build configuration list for PBXNativeTarget "Lakers FanhubUITests" */;
			buildPhases = (
				BE5E32931CB3888900D8E311 /* Sources */,
				BE5E32941CB3888900D8E311 /* Frameworks */,
				BE5E32951CB3888900D8E311 /* Resources */,
			);
			buildRules = (
			);
			dependencies = (
				BE5E32991CB3888900D8E311 /* PBXTargetDependency */,
			);
			name = "Lakers FanhubUITests";
			productName = "Lakers FanhubUITests";
			productReference = BE5E32971CB3888900D8E311 /* Lakers FanhubUITests.xctest */;
			productType = "com.apple.product-type.bundle.ui-testing";
		};
/* End PBXNativeTarget section */

/* Begin PBXProject section */
		BE5E32701CB3888900D8E311 /* Project object */ = {
			isa = PBXProject;
			attributes = {
				LastSwiftUpdateCheck = 0730;
				LastUpgradeCheck = 0730;
				ORGANIZATIONNAME = "Li Yin";
				TargetAttributes = {
					BE5E32771CB3888900D8E311 = {
						CreatedOnToolsVersion = 7.3;
						DevelopmentTeam = SAA638NJ7Q;
					};
					BE5E328B1CB3888900D8E311 = {
						CreatedOnToolsVersion = 7.3;
						TestTargetID = BE5E32771CB3888900D8E311;
					};
					BE5E32961CB3888900D8E311 = {
						CreatedOnToolsVersion = 7.3;
						TestTargetID = BE5E32771CB3888900D8E311;
					};
				};
			};
			buildConfigurationList = BE5E32731CB3888900D8E311 /* Build configuration list for PBXProject "Lakers Fanhub" */;
			compatibilityVersion = "Xcode 3.2";
			developmentRegion = English;
			hasScannedForEncodings = 0;
			knownRegions = (
				en,
				Base,
			);
			mainGroup = BE5E326F1CB3888900D8E311;
			productRefGroup = BE5E32791CB3888900D8E311 /* Products */;
			projectDirPath = "";
			projectRoot = "";
			targets = (
				BE5E32771CB3888900D8E311 /* Lakers Fanhub */,
				BE5E328B1CB3888900D8E311 /* Lakers FanhubTests */,
				BE5E32961CB3888900D8E311 /* Lakers FanhubUITests */,
			);
		};
/* End PBXProject section */

/* Begin PBXResourcesBuildPhase section */
		BE5E32761CB3888900D8E311 /* Resources */ = {
			isa = PBXResourcesBuildPhase;
			buildActionMask = 2147483647;
			files = (
				BE5E32861CB3888900D8E311 /* LaunchScreen.storyboard in Resources */,
				BE5E32831CB3888900D8E311 /* Assets.xcassets in Resources */,
				BE5E32811CB3888900D8E311 /* Main.storyboard in Resources */,
			);
			runOnlyForDeploymentPostprocessing = 0;
		};
		BE5E328A1CB3888900D8E311 /* Resources */ = {
			isa = PBXResourcesBuildPhase;
			buildActionMask = 2147483647;
			files = (
			);
			runOnlyForDeploymentPostprocessing = 0;
		};
		BE5E32951CB3888900D8E311 /* Resources */ = {
			isa = PBXResourcesBuildPhase;
			buildActionMask = 2147483647;
			files = (
			);
			runOnlyForDeploymentPostprocessing = 0;
		};
/* End PBXResourcesBuildPhase section */

/* Begin PBXShellScriptBuildPhase section */
		0D5BE74D97900AEA224E5722 /* Embed Pods Frameworks */ = {
			isa = PBXShellScriptBuildPhase;
			buildActionMask = 2147483647;
			files = (
			);
			inputPaths = (
			);
			name = "Embed Pods Frameworks";
			outputPaths = (
			);
			runOnlyForDeploymentPostprocessing = 0;
			shellPath = /bin/sh;
			shellScript = "\"${SRCROOT}/Pods/Target Support Files/Pods-Lakers Fanhub/Pods-Lakers Fanhub-frameworks.sh\"\n";
			showEnvVarsInLog = 0;
		};
		79189090CB10B6BC5D30EE3A /* Check Pods Manifest.lock */ = {
			isa = PBXShellScriptBuildPhase;
			buildActionMask = 2147483647;
			files = (
			);
			inputPaths = (
			);
			name = "Check Pods Manifest.lock";
			outputPaths = (
			);
			runOnlyForDeploymentPostprocessing = 0;
			shellPath = /bin/sh;
			shellScript = "diff \"${PODS_ROOT}/../Podfile.lock\" \"${PODS_ROOT}/Manifest.lock\" > /dev/null\nif [[ $? != 0 ]] ; then\n    cat << EOM\nerror: The sandbox is not in sync with the Podfile.lock. Run 'pod install' or update your CocoaPods installation.\nEOM\n    exit 1\nfi\n";
			showEnvVarsInLog = 0;
		};
		8BEEA9B3967C7EA5DA48C88D /* Copy Pods Resources */ = {
			isa = PBXShellScriptBuildPhase;
			buildActionMask = 2147483647;
			files = (
			);
			inputPaths = (
			);
			name = "Copy Pods Resources";
			outputPaths = (
			);
			runOnlyForDeploymentPostprocessing = 0;
			shellPath = /bin/sh;
			shellScript = "\"${SRCROOT}/Pods/Target Support Files/Pods-Lakers Fanhub/Pods-Lakers Fanhub-resources.sh\"\n";
			showEnvVarsInLog = 0;
		};
/* End PBXShellScriptBuildPhase section */

/* Begin PBXSourcesBuildPhase section */
		BE5E32741CB3888900D8E311 /* Sources */ = {
			isa = PBXSourcesBuildPhase;
			buildActionMask = 2147483647;
			files = (
				BEB5BECE1CB74C56001AD651 /* NewsDetailViewController.swift in Sources */,
				BE35A1781CD2DCFB00A730F4 /* ClosestFansBrowserViewController.swift in Sources */,
				BEB5BEC81CB56824001AD651 /* XMLParser.swift in Sources */,
				BE8E6BDD1CC04D9C00B2B397 /* ClosestFansViewController.swift in Sources */,
				BEE7886A1CB4854400A98F1D /* NewsTableViewController.swift in Sources */,
				BE573E771CBD91FC0031E00C /* DailyMatchViewController.swift in Sources */,
				BED7AFE91CDD533D00666E29 /* KeyboardConfig.swift in Sources */,
				BE5E327E1CB3888900D8E311 /* ConvenientView.swift in Sources */,
				BEB5BED01CB87659001AD651 /* ConvenientData.swift in Sources */,
				BE5E327C1CB3888900D8E311 /* AppDelegate.swift in Sources */,
				BEB5BECA1CB6EF8D001AD651 /* NewsTableViewCell.swift in Sources */,
				BED3E67A1CD95759004C24B8 /* ChatViewController.swift in Sources */,
				BE8E6BDF1CC055FC00B2B397 /* MCManager.swift in Sources */,
			);
			runOnlyForDeploymentPostprocessing = 0;
		};
		BE5E32881CB3888900D8E311 /* Sources */ = {
			isa = PBXSourcesBuildPhase;
			buildActionMask = 2147483647;
			files = (
				BE5E32911CB3888900D8E311 /* Lakers_FanhubTests.swift in Sources */,
			);
			runOnlyForDeploymentPostprocessing = 0;
		};
		BE5E32931CB3888900D8E311 /* Sources */ = {
			isa = PBXSourcesBuildPhase;
			buildActionMask = 2147483647;
			files = (
				BE5E329C1CB3888900D8E311 /* Lakers_FanhubUITests.swift in Sources */,
			);
			runOnlyForDeploymentPostprocessing = 0;
		};
/* End PBXSourcesBuildPhase section */

/* Begin PBXTargetDependency section */
		BE5E328E1CB3888900D8E311 /* PBXTargetDependency */ = {
			isa = PBXTargetDependency;
			target = BE5E32771CB3888900D8E311 /* Lakers Fanhub */;
			targetProxy = BE5E328D1CB3888900D8E311 /* PBXContainerItemProxy */;
		};
		BE5E32991CB3888900D8E311 /* PBXTargetDependency */ = {
			isa = PBXTargetDependency;
			target = BE5E32771CB3888900D8E311 /* Lakers Fanhub */;
			targetProxy = BE5E32981CB3888900D8E311 /* PBXContainerItemProxy */;
		};
/* End PBXTargetDependency section */

/* Begin PBXVariantGroup section */
		BE5E327F1CB3888900D8E311 /* Main.storyboard */ = {
			isa = PBXVariantGroup;
			children = (
				BE5E32801CB3888900D8E311 /* Base */,
			);
			name = Main.storyboard;
			sourceTree = "<group>";
		};
		BE5E32841CB3888900D8E311 /* LaunchScreen.storyboard */ = {
			isa = PBXVariantGroup;
			children = (
				BE5E32851CB3888900D8E311 /* Base */,
			);
			name = LaunchScreen.storyboard;
			sourceTree = "<group>";
		};
/* End PBXVariantGroup section */

/* Begin XCBuildConfiguration section */
		BE5E329E1CB3888900D8E311 /* Debug */ = {
			isa = XCBuildConfiguration;
			buildSettings = {
				ALWAYS_SEARCH_USER_PATHS = NO;
				CLANG_ANALYZER_NONNULL = YES;
				CLANG_CXX_LANGUAGE_STANDARD = "gnu++0x";
				CLANG_CXX_LIBRARY = "libc++";
				CLANG_ENABLE_MODULES = YES;
				CLANG_ENABLE_OBJC_ARC = YES;
				CLANG_WARN_BOOL_CONVERSION = YES;
				CLANG_WARN_CONSTANT_CONVERSION = YES;
				CLANG_WARN_DIRECT_OBJC_ISA_USAGE = YES_ERROR;
				CLANG_WARN_EMPTY_BODY = YES;
				CLANG_WARN_ENUM_CONVERSION = YES;
				CLANG_WARN_INT_CONVERSION = YES;
				CLANG_WARN_OBJC_ROOT_CLASS = YES_ERROR;
				CLANG_WARN_UNREACHABLE_CODE = YES;
				CLANG_WARN__DUPLICATE_METHOD_MATCH = YES;
				"CODE_SIGN_IDENTITY[sdk=iphoneos*]" = "iPhone Developer";
				COPY_PHASE_STRIP = NO;
				DEBUG_INFORMATION_FORMAT = dwarf;
				ENABLE_STRICT_OBJC_MSGSEND = YES;
				ENABLE_TESTABILITY = YES;
				GCC_C_LANGUAGE_STANDARD = gnu99;
				GCC_DYNAMIC_NO_PIC = NO;
				GCC_NO_COMMON_BLOCKS = YES;
				GCC_OPTIMIZATION_LEVEL = 0;
				GCC_PREPROCESSOR_DEFINITIONS = (
					"DEBUG=1",
					"$(inherited)",
				);
				GCC_WARN_64_TO_32_BIT_CONVERSION = YES;
				GCC_WARN_ABOUT_RETURN_TYPE = YES_ERROR;
				GCC_WARN_UNDECLARED_SELECTOR = YES;
				GCC_WARN_UNINITIALIZED_AUTOS = YES_AGGRESSIVE;
				GCC_WARN_UNUSED_FUNCTION = YES;
				GCC_WARN_UNUSED_VARIABLE = YES;
				IPHONEOS_DEPLOYMENT_TARGET = 9.3;
				MTL_ENABLE_DEBUG_INFO = YES;
				ONLY_ACTIVE_ARCH = YES;
				SDKROOT = iphoneos;
				SWIFT_OPTIMIZATION_LEVEL = "-Onone";
			};
			name = Debug;
		};
		BE5E329F1CB3888900D8E311 /* Release */ = {
			isa = XCBuildConfiguration;
			buildSettings = {
				ALWAYS_SEARCH_USER_PATHS = NO;
				CLANG_ANALYZER_NONNULL = YES;
				CLANG_CXX_LANGUAGE_STANDARD = "gnu++0x";
				CLANG_CXX_LIBRARY = "libc++";
				CLANG_ENABLE_MODULES = YES;
				CLANG_ENABLE_OBJC_ARC = YES;
				CLANG_WARN_BOOL_CONVERSION = YES;
				CLANG_WARN_CONSTANT_CONVERSION = YES;
				CLANG_WARN_DIRECT_OBJC_ISA_USAGE = YES_ERROR;
				CLANG_WARN_EMPTY_BODY = YES;
				CLANG_WARN_ENUM_CONVERSION = YES;
				CLANG_WARN_INT_CONVERSION = YES;
				CLANG_WARN_OBJC_ROOT_CLASS = YES_ERROR;
				CLANG_WARN_UNREACHABLE_CODE = YES;
				CLANG_WARN__DUPLICATE_METHOD_MATCH = YES;
				"CODE_SIGN_IDENTITY[sdk=iphoneos*]" = "iPhone Developer";
				COPY_PHASE_STRIP = NO;
				DEBUG_INFORMATION_FORMAT = "dwarf-with-dsym";
				ENABLE_NS_ASSERTIONS = NO;
				ENABLE_STRICT_OBJC_MSGSEND = YES;
				GCC_C_LANGUAGE_STANDARD = gnu99;
				GCC_NO_COMMON_BLOCKS = YES;
				GCC_WARN_64_TO_32_BIT_CONVERSION = YES;
				GCC_WARN_ABOUT_RETURN_TYPE = YES_ERROR;
				GCC_WARN_UNDECLARED_SELECTOR = YES;
				GCC_WARN_UNINITIALIZED_AUTOS = YES_AGGRESSIVE;
				GCC_WARN_UNUSED_FUNCTION = YES;
				GCC_WARN_UNUSED_VARIABLE = YES;
				IPHONEOS_DEPLOYMENT_TARGET = 9.3;
				MTL_ENABLE_DEBUG_INFO = NO;
				SDKROOT = iphoneos;
				VALIDATE_PRODUCT = YES;
			};
			name = Release;
		};
		BE5E32A11CB3888900D8E311 /* Debug */ = {
			isa = XCBuildConfiguration;
			baseConfigurationReference = 85DE48EB596B6F942B84DCF0 /* Pods-Lakers Fanhub.debug.xcconfig */;
			buildSettings = {
				ASSETCATALOG_COMPILER_APPICON_NAME = AppIcon;
				CODE_SIGN_IDENTITY = "iPhone Developer";
				"CODE_SIGN_IDENTITY[sdk=iphoneos*]" = "iPhone Developer";
				INFOPLIST_FILE = "Lakers Fanhub/Info.plist";
				IPHONEOS_DEPLOYMENT_TARGET = 8.0;
				LD_RUNPATH_SEARCH_PATHS = "$(inherited) @executable_path/Frameworks";
				PRODUCT_BUNDLE_IDENTIFIER = "sbdk.Lakers-Fanhub";
				PRODUCT_NAME = "$(TARGET_NAME)";
				PROVISIONING_PROFILE = "";
			};
			name = Debug;
		};
		BE5E32A21CB3888900D8E311 /* Release */ = {
			isa = XCBuildConfiguration;
			baseConfigurationReference = 8EC0489A10AFA342DA03A69C /* Pods-Lakers Fanhub.release.xcconfig */;
			buildSettings = {
				ASSETCATALOG_COMPILER_APPICON_NAME = AppIcon;
				CODE_SIGN_IDENTITY = "iPhone Developer";
				"CODE_SIGN_IDENTITY[sdk=iphoneos*]" = "iPhone Developer";
				INFOPLIST_FILE = "Lakers Fanhub/Info.plist";
				IPHONEOS_DEPLOYMENT_TARGET = 8.0;
				LD_RUNPATH_SEARCH_PATHS = "$(inherited) @executable_path/Frameworks";
				PRODUCT_BUNDLE_IDENTIFIER = "sbdk.Lakers-Fanhub";
				PRODUCT_NAME = "$(TARGET_NAME)";
				PROVISIONING_PROFILE = "";
			};
			name = Release;
		};
		BE5E32A41CB3888900D8E311 /* Debug */ = {
			isa = XCBuildConfiguration;
			buildSettings = {
				BUNDLE_LOADER = "$(TEST_HOST)";
				INFOPLIST_FILE = "Lakers FanhubTests/Info.plist";
				LD_RUNPATH_SEARCH_PATHS = "$(inherited) @executable_path/Frameworks @loader_path/Frameworks";
				PRODUCT_BUNDLE_IDENTIFIER = "sbdk.Lakers-FanhubTests";
				PRODUCT_NAME = "$(TARGET_NAME)";
				TEST_HOST = "$(BUILT_PRODUCTS_DIR)/Lakers Fanhub.app/Lakers Fanhub";
			};
			name = Debug;
		};
		BE5E32A51CB3888900D8E311 /* Release */ = {
			isa = XCBuildConfiguration;
			buildSettings = {
				BUNDLE_LOADER = "$(TEST_HOST)";
				INFOPLIST_FILE = "Lakers FanhubTests/Info.plist";
				LD_RUNPATH_SEARCH_PATHS = "$(inherited) @executable_path/Frameworks @loader_path/Frameworks";
				PRODUCT_BUNDLE_IDENTIFIER = "sbdk.Lakers-FanhubTests";
				PRODUCT_NAME = "$(TARGET_NAME)";
				TEST_HOST = "$(BUILT_PRODUCTS_DIR)/Lakers Fanhub.app/Lakers Fanhub";
			};
			name = Release;
		};
		BE5E32A71CB3888900D8E311 /* Debug */ = {
			isa = XCBuildConfiguration;
			buildSettings = {
				INFOPLIST_FILE = "Lakers FanhubUITests/Info.plist";
				LD_RUNPATH_SEARCH_PATHS = "$(inherited) @executable_path/Frameworks @loader_path/Frameworks";
				PRODUCT_BUNDLE_IDENTIFIER = "sbdk.Lakers-FanhubUITests";
				PRODUCT_NAME = "$(TARGET_NAME)";
				TEST_TARGET_NAME = "Lakers Fanhub";
			};
			name = Debug;
		};
		BE5E32A81CB3888900D8E311 /* Release */ = {
			isa = XCBuildConfiguration;
			buildSettings = {
				INFOPLIST_FILE = "Lakers FanhubUITests/Info.plist";
				LD_RUNPATH_SEARCH_PATHS = "$(inherited) @executable_path/Frameworks @loader_path/Frameworks";
				PRODUCT_BUNDLE_IDENTIFIER = "sbdk.Lakers-FanhubUITests";
				PRODUCT_NAME = "$(TARGET_NAME)";
				TEST_TARGET_NAME = "Lakers Fanhub";
			};
			name = Release;
		};
/* End XCBuildConfiguration section */

/* Begin XCConfigurationList section */
		BE5E32731CB3888900D8E311 /* Build configuration list for PBXProject "Lakers Fanhub" */ = {
			isa = XCConfigurationList;
			buildConfigurations = (
				BE5E329E1CB3888900D8E311 /* Debug */,
				BE5E329F1CB3888900D8E311 /* Release */,
			);
			defaultConfigurationIsVisible = 0;
			defaultConfigurationName = Release;
		};
		BE5E32A01CB3888900D8E311 /* Build configuration list for PBXNativeTarget "Lakers Fanhub" */ = {
			isa = XCConfigurationList;
			buildConfigurations = (
				BE5E32A11CB3888900D8E311 /* Debug */,
				BE5E32A21CB3888900D8E311 /* Release */,
			);
			defaultConfigurationIsVisible = 0;
			defaultConfigurationName = Release;
		};
		BE5E32A31CB3888900D8E311 /* Build configuration list for PBXNativeTarget "Lakers FanhubTests" */ = {
			isa = XCConfigurationList;
			buildConfigurations = (
				BE5E32A41CB3888900D8E311 /* Debug */,
				BE5E32A51CB3888900D8E311 /* Release */,
			);
			defaultConfigurationIsVisible = 0;
			defaultConfigurationName = Release;
		};
		BE5E32A61CB3888900D8E311 /* Build configuration list for PBXNativeTarget "Lakers FanhubUITests" */ = {
			isa = XCConfigurationList;
			buildConfigurations = (
				BE5E32A71CB3888900D8E311 /* Debug */,
				BE5E32A81CB3888900D8E311 /* Release */,
			);
			defaultConfigurationIsVisible = 0;
			defaultConfigurationName = Release;
		};
/* End XCConfigurationList section */
	};
	rootObject = BE5E32701CB3888900D8E311 /* Project object */;
}
